
Microsoft Visual Studio Solution File, Format Version 11.00
# Visual Studio 2010
# SharpDevelop 5.1
Project("{FAE04EC0-301F-11D3-BF4B-00C04F79EFBC}") = "rsc-win", "rsc-win\rsc-win.csproj", "{13944A5E-BB05-46F4-AA4E-A473BA82CBB7}"
EndProject
Project("{CFEE4113-1246-4D54-95CB-156813CB8593}") = "install1", "install1\install1.wixproj", "{93C5BFE5-3EB5-4683-BB17-52960DE8BFF1}"
EndProject
Global
	GlobalSection(SolutionConfigurationPlatforms) = preSolution
		Debug|Any CPU = Debug|Any CPU
		Release|Any CPU = Release|Any CPU
	EndGlobalSection
	GlobalSection(ProjectConfigurationPlatforms) = postSolution
		{13944A5E-BB05-46F4-AA4E-A473BA82CBB7}.Debug|Any CPU.ActiveCfg = Debug|Any CPU
		{13944A5E-BB05-46F4-AA4E-A473BA82CBB7}.Debug|Any CPU.Build.0 = Debug|Any CPU
		{13944A5E-BB05-46F4-AA4E-A473BA82CBB7}.Release|Any CPU.ActiveCfg = Release|Any CPU
		{13944A5E-BB05-46F4-AA4E-A473BA82CBB7}.Release|Any CPU.Build.0 = Release|Any CPU
		{93C5BFE5-3EB5-4683-BB17-52960DE8BFF1}.Debug|Any CPU.ActiveCfg = Debug|Any CPU
		{93C5BFE5-3EB5-4683-BB17-52960DE8BFF1}.Debug|Any CPU.Build.0 = Debug|Any CPU
		{93C5BFE5-3EB5-4683-BB17-52960DE8BFF1}.Release|Any CPU.ActiveCfg = Release|Any CPU
		{93C5BFE5-3EB5-4683-BB17-52960DE8BFF1}.Release|Any CPU.Build.0 = Release|Any CPU
	EndGlobalSection
EndGlobal
